
Microsoft Visual Studio Solution File, Format Version 12.00
# Visual Studio 2012
Project("{FAE04EC0-301F-11D3-BF4B-00C04F79EFBC}") = "OrmExpressionTest", "OrmExpressionTest\OrmExpressionTest.csproj", "{1F07E4F4-E319-40F1-A584-F43FFC6D5055}"
EndProject
Global
	GlobalSection(SolutionConfigurationPlatforms) = preSolution
		Debug|Any CPU = Debug|Any CPU
		Release|Any CPU = Release|Any CPU
	EndGlobalSection
	GlobalSection(ProjectConfigurationPlatforms) = postSolution
		{1F07E4F4-E319-40F1-A584-F43FFC6D5055}.Debug|Any CPU.ActiveCfg = Debug|Any CPU
		{1F07E4F4-E319-40F1-A584-F43FFC6D5055}.Debug|Any CPU.Build.0 = Debug|Any CPU
		{1F07E4F4-E319-40F1-A584-F43FFC6D5055}.Release|Any CPU.ActiveCfg = Release|Any CPU
		{1F07E4F4-E319-40F1-A584-F43FFC6D5055}.Release|Any CPU.Build.0 = Release|Any CPU
	EndGlobalSection
	GlobalSection(SolutionProperties) = preSolution
		HideSolutionNode = FALSE
	EndGlobalSection
EndGlobal
