
Microsoft Visual Studio Solution File, Format Version 12.00
# Visual Studio 2012
Project("{FAE04EC0-301F-11D3-BF4B-00C04F79EFBC}") = "wangxiao.kjcity.com", "wangxiao.kjcity.com\wangxiao.kjcity.com.csproj", "{1B8BD46D-0B2C-4FBC-987F-501389661988}"
EndProject
Project("{FAE04EC0-301F-11D3-BF4B-00C04F79EFBC}") = "wangxiao.kjcity.main", "wangxiao.kjcity.main\wangxiao.kjcity.main.csproj", "{B45F01BB-D956-4BB2-AD7C-1A4055597A00}"
EndProject
Global
	GlobalSection(SolutionConfigurationPlatforms) = preSolution
		Debug|Any CPU = Debug|Any CPU
		Release|Any CPU = Release|Any CPU
	EndGlobalSection
	GlobalSection(ProjectConfigurationPlatforms) = postSolution
		{1B8BD46D-0B2C-4FBC-987F-501389661988}.Debug|Any CPU.ActiveCfg = Debug|Any CPU
		{1B8BD46D-0B2C-4FBC-987F-501389661988}.Debug|Any CPU.Build.0 = Debug|Any CPU
		{1B8BD46D-0B2C-4FBC-987F-501389661988}.Release|Any CPU.ActiveCfg = Release|Any CPU
		{1B8BD46D-0B2C-4FBC-987F-501389661988}.Release|Any CPU.Build.0 = Release|Any CPU
		{B45F01BB-D956-4BB2-AD7C-1A4055597A00}.Debug|Any CPU.ActiveCfg = Debug|Any CPU
		{B45F01BB-D956-4BB2-AD7C-1A4055597A00}.Debug|Any CPU.Build.0 = Debug|Any CPU
		{B45F01BB-D956-4BB2-AD7C-1A4055597A00}.Release|Any CPU.ActiveCfg = Release|Any CPU
		{B45F01BB-D956-4BB2-AD7C-1A4055597A00}.Release|Any CPU.Build.0 = Release|Any CPU
	EndGlobalSection
	GlobalSection(SolutionProperties) = preSolution
		HideSolutionNode = FALSE
	EndGlobalSection
EndGlobal
