
Microsoft Visual Studio Solution File, Format Version 12.00
# Visual Studio 2012
Project("{FAE04EC0-301F-11D3-BF4B-00C04F79EFBC}") = "Taobao.Autotools.Main", "Taobao.Autotools.Main\Taobao.Autotools.Main.csproj", "{1E6705DD-F483-488D-B983-E0E28C880F47}"
EndProject
Project("{FAE04EC0-301F-11D3-BF4B-00C04F79EFBC}") = "Taobao.Autotools.Models", "Taobao.Autotools.Models\Taobao.Autotools.Models.csproj", "{5353F754-D998-4E02-A60A-F2995F1DAA07}"
EndProject
Global
	GlobalSection(SolutionConfigurationPlatforms) = preSolution
		Debug|Any CPU = Debug|Any CPU
		Release|Any CPU = Release|Any CPU
	EndGlobalSection
	GlobalSection(ProjectConfigurationPlatforms) = postSolution
		{1E6705DD-F483-488D-B983-E0E28C880F47}.Debug|Any CPU.ActiveCfg = Debug|Any CPU
		{1E6705DD-F483-488D-B983-E0E28C880F47}.Debug|Any CPU.Build.0 = Debug|Any CPU
		{1E6705DD-F483-488D-B983-E0E28C880F47}.Release|Any CPU.ActiveCfg = Release|Any CPU
		{1E6705DD-F483-488D-B983-E0E28C880F47}.Release|Any CPU.Build.0 = Release|Any CPU
		{5353F754-D998-4E02-A60A-F2995F1DAA07}.Debug|Any CPU.ActiveCfg = Debug|Any CPU
		{5353F754-D998-4E02-A60A-F2995F1DAA07}.Debug|Any CPU.Build.0 = Debug|Any CPU
		{5353F754-D998-4E02-A60A-F2995F1DAA07}.Release|Any CPU.ActiveCfg = Release|Any CPU
		{5353F754-D998-4E02-A60A-F2995F1DAA07}.Release|Any CPU.Build.0 = Release|Any CPU
	EndGlobalSection
	GlobalSection(SolutionProperties) = preSolution
		HideSolutionNode = FALSE
	EndGlobalSection
EndGlobal
